
Microsoft Visual Studio Solution File, Format Version 12.00
# Visual Studio Version 17
VisualStudioVersion = 17.9.34701.34
MinimumVisualStudioVersion = 10.0.40219.1
Project("{FAE04EC0-301F-11D3-BF4B-00C04F79EFBC}") = "TheOmenDen.CorvidDelivery", "TheOmenDen.CorvidDelivery\TheOmenDen.CorvidDelivery.csproj", "{9EB01D06-DFB7-4690-8C91-6F936D998C2A}"
EndProject
Global
	GlobalSection(SolutionConfigurationPlatforms) = preSolution
		Debug|Any CPU = Debug|Any CPU
		Release|Any CPU = Release|Any CPU
	EndGlobalSection
	GlobalSection(ProjectConfigurationPlatforms) = postSolution
		{9EB01D06-DFB7-4690-8C91-6F936D998C2A}.Debug|Any CPU.ActiveCfg = Debug|Any CPU
		{9EB01D06-DFB7-4690-8C91-6F936D998C2A}.Debug|Any CPU.Build.0 = Debug|Any CPU
		{9EB01D06-DFB7-4690-8C91-6F936D998C2A}.Release|Any CPU.ActiveCfg = Release|Any CPU
		{9EB01D06-DFB7-4690-8C91-6F936D998C2A}.Release|Any CPU.Build.0 = Release|Any CPU
	EndGlobalSection
	GlobalSection(SolutionProperties) = preSolution
		HideSolutionNode = FALSE
	EndGlobalSection
	GlobalSection(ExtensibilityGlobals) = postSolution
		SolutionGuid = {4CE1F131-955A-42DD-B8D4-CE20DAFF67AC}
	EndGlobalSection
EndGlobal
